
Microsoft Visual Studio Solution File, Format Version 12.00
# Visual Studio Version 16
VisualStudioVersion = 16.0.29806.167
MinimumVisualStudioVersion = 10.0.40219.1
Project("{FAE04EC0-301F-11D3-BF4B-00C04F79EFBC}") = "ICheck.Android", "ICheck.Android\ICheck.Android.csproj", "{BAC6EDFE-E4EA-41AB-BE63-786C1B0B68BC}"
EndProject
Project("{FAE04EC0-301F-11D3-BF4B-00C04F79EFBC}") = "ICheck.iOS", "ICheck.iOS\ICheck.iOS.csproj", "{26BE7034-A3BB-41D3-ABF6-420651A250A0}"
EndProject
Project("{9A19103F-16F7-4668-BE54-9A1E7A4F7556}") = "ICheck", "ICheck\ICheck.csproj", "{8849AF35-09F7-46C5-9CEC-0AA231C88394}"
EndProject
Global
	GlobalSection(SolutionConfigurationPlatforms) = preSolution
		Debug|Any CPU = Debug|Any CPU
		Debug|iPhone = Debug|iPhone
		Debug|iPhoneSimulator = Debug|iPhoneSimulator
		Release|Any CPU = Release|Any CPU
		Release|iPhone = Release|iPhone
		Release|iPhoneSimulator = Release|iPhoneSimulator
	EndGlobalSection
	GlobalSection(ProjectConfigurationPlatforms) = postSolution
		{BAC6EDFE-E4EA-41AB-BE63-786C1B0B68BC}.Debug|Any CPU.ActiveCfg = Debug|Any CPU
		{BAC6EDFE-E4EA-41AB-BE63-786C1B0B68BC}.Debug|Any CPU.Build.0 = Debug|Any CPU
		{BAC6EDFE-E4EA-41AB-BE63-786C1B0B68BC}.Debug|Any CPU.Deploy.0 = Debug|Any CPU
		{BAC6EDFE-E4EA-41AB-BE63-786C1B0B68BC}.Debug|iPhone.ActiveCfg = Debug|Any CPU
		{BAC6EDFE-E4EA-41AB-BE63-786C1B0B68BC}.Debug|iPhone.Build.0 = Debug|Any CPU
		{BAC6EDFE-E4EA-41AB-BE63-786C1B0B68BC}.Debug|iPhone.Deploy.0 = Debug|Any CPU
		{BAC6EDFE-E4EA-41AB-BE63-786C1B0B68BC}.Debug|iPhoneSimulator.ActiveCfg = Debug|Any CPU
		{BAC6EDFE-E4EA-41AB-BE63-786C1B0B68BC}.Debug|iPhoneSimulator.Build.0 = Debug|Any CPU
		{BAC6EDFE-E4EA-41AB-BE63-786C1B0B68BC}.Debug|iPhoneSimulator.Deploy.0 = Debug|Any CPU
		{BAC6EDFE-E4EA-41AB-BE63-786C1B0B68BC}.Release|Any CPU.ActiveCfg = Release|Any CPU
		{BAC6EDFE-E4EA-41AB-BE63-786C1B0B68BC}.Release|Any CPU.Build.0 = Release|Any CPU
		{BAC6EDFE-E4EA-41AB-BE63-786C1B0B68BC}.Release|Any CPU.Deploy.0 = Release|Any CPU
		{BAC6EDFE-E4EA-41AB-BE63-786C1B0B68BC}.Release|iPhone.ActiveCfg = Release|Any CPU
		{BAC6EDFE-E4EA-41AB-BE63-786C1B0B68BC}.Release|iPhone.Build.0 = Release|Any CPU
		{BAC6EDFE-E4EA-41AB-BE63-786C1B0B68BC}.Release|iPhone.Deploy.0 = Release|Any CPU
		{BAC6EDFE-E4EA-41AB-BE63-786C1B0B68BC}.Release|iPhoneSimulator.ActiveCfg = Release|Any CPU
		{BAC6EDFE-E4EA-41AB-BE63-786C1B0B68BC}.Release|iPhoneSimulator.Build.0 = Release|Any CPU
		{BAC6EDFE-E4EA-41AB-BE63-786C1B0B68BC}.Release|iPhoneSimulator.Deploy.0 = Release|Any CPU
		{26BE7034-A3BB-41D3-ABF6-420651A250A0}.Debug|Any CPU.ActiveCfg = Debug|iPhoneSimulator
		{26BE7034-A3BB-41D3-ABF6-420651A250A0}.Debug|Any CPU.Build.0 = Debug|iPhoneSimulator
		{26BE7034-A3BB-41D3-ABF6-420651A250A0}.Debug|Any CPU.Deploy.0 = Debug|iPhoneSimulator
		{26BE7034-A3BB-41D3-ABF6-420651A250A0}.Debug|iPhone.ActiveCfg = Debug|iPhone
		{26BE7034-A3BB-41D3-ABF6-420651A250A0}.Debug|iPhone.Build.0 = Debug|iPhone
		{26BE7034-A3BB-41D3-ABF6-420651A250A0}.Debug|iPhone.Deploy.0 = Debug|iPhone
		{26BE7034-A3BB-41D3-ABF6-420651A250A0}.Debug|iPhoneSimulator.ActiveCfg = Debug|iPhoneSimulator
		{26BE7034-A3BB-41D3-ABF6-420651A250A0}.Debug|iPhoneSimulator.Build.0 = Debug|iPhoneSimulator
		{26BE7034-A3BB-41D3-ABF6-420651A250A0}.Debug|iPhoneSimulator.Deploy.0 = Debug|iPhoneSimulator
		{26BE7034-A3BB-41D3-ABF6-420651A250A0}.Release|Any CPU.ActiveCfg = Release|iPhone
		{26BE7034-A3BB-41D3-ABF6-420651A250A0}.Release|Any CPU.Build.0 = Release|iPhone
		{26BE7034-A3BB-41D3-ABF6-420651A250A0}.Release|Any CPU.Deploy.0 = Release|iPhone
		{26BE7034-A3BB-41D3-ABF6-420651A250A0}.Release|iPhone.ActiveCfg = Release|iPhone
		{26BE7034-A3BB-41D3-ABF6-420651A250A0}.Release|iPhone.Build.0 = Release|iPhone
		{26BE7034-A3BB-41D3-ABF6-420651A250A0}.Release|iPhone.Deploy.0 = Release|iPhone
		{26BE7034-A3BB-41D3-ABF6-420651A250A0}.Release|iPhoneSimulator.ActiveCfg = Release|iPhoneSimulator
		{26BE7034-A3BB-41D3-ABF6-420651A250A0}.Release|iPhoneSimulator.Build.0 = Release|iPhoneSimulator
		{26BE7034-A3BB-41D3-ABF6-420651A250A0}.Release|iPhoneSimulator.Deploy.0 = Release|iPhoneSimulator
		{8849AF35-09F7-46C5-9CEC-0AA231C88394}.Debug|Any CPU.ActiveCfg = Debug|Any CPU
		{8849AF35-09F7-46C5-9CEC-0AA231C88394}.Debug|Any CPU.Build.0 = Debug|Any CPU
		{8849AF35-09F7-46C5-9CEC-0AA231C88394}.Debug|Any CPU.Deploy.0 = Debug|Any CPU
		{8849AF35-09F7-46C5-9CEC-0AA231C88394}.Debug|iPhone.ActiveCfg = Debug|Any CPU
		{8849AF35-09F7-46C5-9CEC-0AA231C88394}.Debug|iPhone.Build.0 = Debug|Any CPU
		{8849AF35-09F7-46C5-9CEC-0AA231C88394}.Debug|iPhone.Deploy.0 = Debug|Any CPU
		{8849AF35-09F7-46C5-9CEC-0AA231C88394}.Debug|iPhoneSimulator.ActiveCfg = Debug|Any CPU
		{8849AF35-09F7-46C5-9CEC-0AA231C88394}.Debug|iPhoneSimulator.Build.0 = Debug|Any CPU
		{8849AF35-09F7-46C5-9CEC-0AA231C88394}.Debug|iPhoneSimulator.Deploy.0 = Debug|Any CPU
		{8849AF35-09F7-46C5-9CEC-0AA231C88394}.Release|Any CPU.ActiveCfg = Release|Any CPU
		{8849AF35-09F7-46C5-9CEC-0AA231C88394}.Release|Any CPU.Build.0 = Release|Any CPU
		{8849AF35-09F7-46C5-9CEC-0AA231C88394}.Release|Any CPU.Deploy.0 = Release|Any CPU
		{8849AF35-09F7-46C5-9CEC-0AA231C88394}.Release|iPhone.ActiveCfg = Release|Any CPU
		{8849AF35-09F7-46C5-9CEC-0AA231C88394}.Release|iPhone.Build.0 = Release|Any CPU
		{8849AF35-09F7-46C5-9CEC-0AA231C88394}.Release|iPhone.Deploy.0 = Release|Any CPU
		{8849AF35-09F7-46C5-9CEC-0AA231C88394}.Release|iPhoneSimulator.ActiveCfg = Release|Any CPU
		{8849AF35-09F7-46C5-9CEC-0AA231C88394}.Release|iPhoneSimulator.Build.0 = Release|Any CPU
		{8849AF35-09F7-46C5-9CEC-0AA231C88394}.Release|iPhoneSimulator.Deploy.0 = Release|Any CPU
	EndGlobalSection
	GlobalSection(SolutionProperties) = preSolution
		HideSolutionNode = FALSE
	EndGlobalSection
	GlobalSection(ExtensibilityGlobals) = postSolution
		SolutionGuid = {DA0D6828-3B54-4F95-83CA-A70ED1546B6C}
	EndGlobalSection
EndGlobal
